
Microsoft Visual Studio Solution File, Format Version 12.00
# Visual Studio 15
VisualStudioVersion = 15.0.26124.0
MinimumVisualStudioVersion = 15.0.26124.0
Project("{2150E333-8FDC-42A3-9474-1A3956D46DE8}") = "src", "src", "{C5AABDAF-781E-4077-B5B1-1A01A1CF222A}"
EndProject
Project("{FAE04EC0-301F-11D3-BF4B-00C04F79EFBC}") = "Softplan.Common.Messaging", "src\Softplan.Common.Messaging\Softplan.Common.Messaging.csproj", "{6EF4751B-8487-4B4B-B3A0-5A96421813E2}"
EndProject
Project("{2150E333-8FDC-42A3-9474-1A3956D46DE8}") = "test", "test", "{FB0BCD88-E28C-4E6A-A47C-557C476AB2A1}"
EndProject
Project("{FAE04EC0-301F-11D3-BF4B-00C04F79EFBC}") = "Softplan.Common.Messaging.Test", "test\Softplan.Common.Messaging.Tests\Softplan.Common.Messaging.Tests.csproj", "{FAA24DF4-688E-4C8F-BEE5-628DA95D181E}"
EndProject
Project("{2150E333-8FDC-42A3-9474-1A3956D46DE8}") = "sample", "sample", "{1BD1756D-84BD-42F7-BF7E-A5FFBC1E59D9}"
EndProject
Project("{FAE04EC0-301F-11D3-BF4B-00C04F79EFBC}") = "rpcExample", "sample\rpcExample\rpcExample.csproj", "{CBF19349-E3B7-4ED1-BDE2-D2F717F5B5A0}"
EndProject
Project("{FAE04EC0-301F-11D3-BF4B-00C04F79EFBC}") = "simplePubSub", "sample\simplePubSub\simplePubSub.csproj", "{C27CDDA4-9F9D-4981-96E3-CCB2532D9D71}"
EndProject
Project("{FAE04EC0-301F-11D3-BF4B-00C04F79EFBC}") = "webapi", "sample\webapi\webapi.csproj", "{11AC7E64-0C70-4980-88EA-119EAF72AE29}"
EndProject
Project("{FAE04EC0-301F-11D3-BF4B-00C04F79EFBC}") = "Softplan.Common.Messaging.RabbitMq", "src\Softplan.Common.Messaging.RabbitMq\Softplan.Common.Messaging.RabbitMq.csproj", "{05CB8AB9-F43A-4736-B1E2-91BDFEF34C96}"
EndProject
Project("{FAE04EC0-301F-11D3-BF4B-00C04F79EFBC}") = "Softplan.Common.Messaging.RabbitMq.Tests", "test\Softplan.Common.Messaging.RabbitMq.Tests\Softplan.Common.Messaging.RabbitMq.Tests.csproj", "{4D4F1887-ABCC-45C6-99A3-AE0499B38825}"
EndProject
Project("{FAE04EC0-301F-11D3-BF4B-00C04F79EFBC}") = "Softplan.Common.Messaging.RabbitMq.Abstractions", "src\Softplan.Common.Messaging.RabbitMq.Abstractions\Softplan.Common.Messaging.RabbitMq.Abstractions.csproj", "{B8B985BB-135F-4C0A-AB64-BF6BD9A68595}"
EndProject
Project("{FAE04EC0-301F-11D3-BF4B-00C04F79EFBC}") = "Softplan.Common.Messaging.Abstractions.Tests", "test\Softplan.Common.Messaging.Abstractions.Tests\Softplan.Common.Messaging.Abstractions.Tests.csproj", "{C6D7879A-982A-4E6E-97F8-FE83C0B4D03D}"
EndProject
Global
	GlobalSection(SolutionConfigurationPlatforms) = preSolution
		Debug|Any CPU = Debug|Any CPU
		Debug|x64 = Debug|x64
		Debug|x86 = Debug|x86
		Release|Any CPU = Release|Any CPU
		Release|x64 = Release|x64
		Release|x86 = Release|x86
	EndGlobalSection
	GlobalSection(SolutionProperties) = preSolution
		HideSolutionNode = FALSE
	EndGlobalSection
	GlobalSection(ProjectConfigurationPlatforms) = postSolution
		{6EF4751B-8487-4B4B-B3A0-5A96421813E2}.Debug|Any CPU.ActiveCfg = Debug|Any CPU
		{6EF4751B-8487-4B4B-B3A0-5A96421813E2}.Debug|Any CPU.Build.0 = Debug|Any CPU
		{6EF4751B-8487-4B4B-B3A0-5A96421813E2}.Debug|x64.ActiveCfg = Debug|Any CPU
		{6EF4751B-8487-4B4B-B3A0-5A96421813E2}.Debug|x64.Build.0 = Debug|Any CPU
		{6EF4751B-8487-4B4B-B3A0-5A96421813E2}.Debug|x86.ActiveCfg = Debug|Any CPU
		{6EF4751B-8487-4B4B-B3A0-5A96421813E2}.Debug|x86.Build.0 = Debug|Any CPU
		{6EF4751B-8487-4B4B-B3A0-5A96421813E2}.Release|Any CPU.ActiveCfg = Release|Any CPU
		{6EF4751B-8487-4B4B-B3A0-5A96421813E2}.Release|Any CPU.Build.0 = Release|Any CPU
		{6EF4751B-8487-4B4B-B3A0-5A96421813E2}.Release|x64.ActiveCfg = Release|Any CPU
		{6EF4751B-8487-4B4B-B3A0-5A96421813E2}.Release|x64.Build.0 = Release|Any CPU
		{6EF4751B-8487-4B4B-B3A0-5A96421813E2}.Release|x86.ActiveCfg = Release|Any CPU
		{6EF4751B-8487-4B4B-B3A0-5A96421813E2}.Release|x86.Build.0 = Release|Any CPU
		{FAA24DF4-688E-4C8F-BEE5-628DA95D181E}.Debug|Any CPU.ActiveCfg = Debug|Any CPU
		{FAA24DF4-688E-4C8F-BEE5-628DA95D181E}.Debug|Any CPU.Build.0 = Debug|Any CPU
		{FAA24DF4-688E-4C8F-BEE5-628DA95D181E}.Debug|x64.ActiveCfg = Debug|Any CPU
		{FAA24DF4-688E-4C8F-BEE5-628DA95D181E}.Debug|x64.Build.0 = Debug|Any CPU
		{FAA24DF4-688E-4C8F-BEE5-628DA95D181E}.Debug|x86.ActiveCfg = Debug|Any CPU
		{FAA24DF4-688E-4C8F-BEE5-628DA95D181E}.Debug|x86.Build.0 = Debug|Any CPU
		{FAA24DF4-688E-4C8F-BEE5-628DA95D181E}.Release|Any CPU.ActiveCfg = Release|Any CPU
		{FAA24DF4-688E-4C8F-BEE5-628DA95D181E}.Release|Any CPU.Build.0 = Release|Any CPU
		{FAA24DF4-688E-4C8F-BEE5-628DA95D181E}.Release|x64.ActiveCfg = Release|Any CPU
		{FAA24DF4-688E-4C8F-BEE5-628DA95D181E}.Release|x64.Build.0 = Release|Any CPU
		{FAA24DF4-688E-4C8F-BEE5-628DA95D181E}.Release|x86.ActiveCfg = Release|Any CPU
		{FAA24DF4-688E-4C8F-BEE5-628DA95D181E}.Release|x86.Build.0 = Release|Any CPU
		{8256AC28-D72A-4532-B9A4-D33DADCC8E40}.Debug|Any CPU.ActiveCfg = Debug|Any CPU
		{8256AC28-D72A-4532-B9A4-D33DADCC8E40}.Debug|Any CPU.Build.0 = Debug|Any CPU
		{8256AC28-D72A-4532-B9A4-D33DADCC8E40}.Debug|x64.ActiveCfg = Debug|Any CPU
		{8256AC28-D72A-4532-B9A4-D33DADCC8E40}.Debug|x64.Build.0 = Debug|Any CPU
		{8256AC28-D72A-4532-B9A4-D33DADCC8E40}.Debug|x86.ActiveCfg = Debug|Any CPU
		{8256AC28-D72A-4532-B9A4-D33DADCC8E40}.Debug|x86.Build.0 = Debug|Any CPU
		{8256AC28-D72A-4532-B9A4-D33DADCC8E40}.Release|Any CPU.ActiveCfg = Release|Any CPU
		{8256AC28-D72A-4532-B9A4-D33DADCC8E40}.Release|Any CPU.Build.0 = Release|Any CPU
		{8256AC28-D72A-4532-B9A4-D33DADCC8E40}.Release|x64.ActiveCfg = Release|Any CPU
		{8256AC28-D72A-4532-B9A4-D33DADCC8E40}.Release|x64.Build.0 = Release|Any CPU
		{8256AC28-D72A-4532-B9A4-D33DADCC8E40}.Release|x86.ActiveCfg = Release|Any CPU
		{8256AC28-D72A-4532-B9A4-D33DADCC8E40}.Release|x86.Build.0 = Release|Any CPU
		{CBF19349-E3B7-4ED1-BDE2-D2F717F5B5A0}.Debug|Any CPU.ActiveCfg = Debug|Any CPU
		{CBF19349-E3B7-4ED1-BDE2-D2F717F5B5A0}.Debug|Any CPU.Build.0 = Debug|Any CPU
		{CBF19349-E3B7-4ED1-BDE2-D2F717F5B5A0}.Debug|x64.ActiveCfg = Debug|Any CPU
		{CBF19349-E3B7-4ED1-BDE2-D2F717F5B5A0}.Debug|x64.Build.0 = Debug|Any CPU
		{CBF19349-E3B7-4ED1-BDE2-D2F717F5B5A0}.Debug|x86.ActiveCfg = Debug|Any CPU
		{CBF19349-E3B7-4ED1-BDE2-D2F717F5B5A0}.Debug|x86.Build.0 = Debug|Any CPU
		{CBF19349-E3B7-4ED1-BDE2-D2F717F5B5A0}.Release|Any CPU.ActiveCfg = Release|Any CPU
		{CBF19349-E3B7-4ED1-BDE2-D2F717F5B5A0}.Release|Any CPU.Build.0 = Release|Any CPU
		{CBF19349-E3B7-4ED1-BDE2-D2F717F5B5A0}.Release|x64.ActiveCfg = Release|Any CPU
		{CBF19349-E3B7-4ED1-BDE2-D2F717F5B5A0}.Release|x64.Build.0 = Release|Any CPU
		{CBF19349-E3B7-4ED1-BDE2-D2F717F5B5A0}.Release|x86.ActiveCfg = Release|Any CPU
		{CBF19349-E3B7-4ED1-BDE2-D2F717F5B5A0}.Release|x86.Build.0 = Release|Any CPU
		{C27CDDA4-9F9D-4981-96E3-CCB2532D9D71}.Debug|Any CPU.ActiveCfg = Debug|Any CPU
		{C27CDDA4-9F9D-4981-96E3-CCB2532D9D71}.Debug|Any CPU.Build.0 = Debug|Any CPU
		{C27CDDA4-9F9D-4981-96E3-CCB2532D9D71}.Debug|x64.ActiveCfg = Debug|Any CPU
		{C27CDDA4-9F9D-4981-96E3-CCB2532D9D71}.Debug|x64.Build.0 = Debug|Any CPU
		{C27CDDA4-9F9D-4981-96E3-CCB2532D9D71}.Debug|x86.ActiveCfg = Debug|Any CPU
		{C27CDDA4-9F9D-4981-96E3-CCB2532D9D71}.Debug|x86.Build.0 = Debug|Any CPU
		{C27CDDA4-9F9D-4981-96E3-CCB2532D9D71}.Release|Any CPU.ActiveCfg = Release|Any CPU
		{C27CDDA4-9F9D-4981-96E3-CCB2532D9D71}.Release|Any CPU.Build.0 = Release|Any CPU
		{C27CDDA4-9F9D-4981-96E3-CCB2532D9D71}.Release|x64.ActiveCfg = Release|Any CPU
		{C27CDDA4-9F9D-4981-96E3-CCB2532D9D71}.Release|x64.Build.0 = Release|Any CPU
		{C27CDDA4-9F9D-4981-96E3-CCB2532D9D71}.Release|x86.ActiveCfg = Release|Any CPU
		{C27CDDA4-9F9D-4981-96E3-CCB2532D9D71}.Release|x86.Build.0 = Release|Any CPU
		{11AC7E64-0C70-4980-88EA-119EAF72AE29}.Debug|Any CPU.ActiveCfg = Debug|Any CPU
		{11AC7E64-0C70-4980-88EA-119EAF72AE29}.Debug|Any CPU.Build.0 = Debug|Any CPU
		{11AC7E64-0C70-4980-88EA-119EAF72AE29}.Debug|x64.ActiveCfg = Debug|Any CPU
		{11AC7E64-0C70-4980-88EA-119EAF72AE29}.Debug|x64.Build.0 = Debug|Any CPU
		{11AC7E64-0C70-4980-88EA-119EAF72AE29}.Debug|x86.ActiveCfg = Debug|Any CPU
		{11AC7E64-0C70-4980-88EA-119EAF72AE29}.Debug|x86.Build.0 = Debug|Any CPU
		{11AC7E64-0C70-4980-88EA-119EAF72AE29}.Release|Any CPU.ActiveCfg = Release|Any CPU
		{11AC7E64-0C70-4980-88EA-119EAF72AE29}.Release|Any CPU.Build.0 = Release|Any CPU
		{11AC7E64-0C70-4980-88EA-119EAF72AE29}.Release|x64.ActiveCfg = Release|Any CPU
		{11AC7E64-0C70-4980-88EA-119EAF72AE29}.Release|x64.Build.0 = Release|Any CPU
		{11AC7E64-0C70-4980-88EA-119EAF72AE29}.Release|x86.ActiveCfg = Release|Any CPU
		{11AC7E64-0C70-4980-88EA-119EAF72AE29}.Release|x86.Build.0 = Release|Any CPU
		{05CB8AB9-F43A-4736-B1E2-91BDFEF34C96}.Debug|Any CPU.ActiveCfg = Debug|Any CPU
		{05CB8AB9-F43A-4736-B1E2-91BDFEF34C96}.Debug|Any CPU.Build.0 = Debug|Any CPU
		{05CB8AB9-F43A-4736-B1E2-91BDFEF34C96}.Debug|x64.ActiveCfg = Debug|Any CPU
		{05CB8AB9-F43A-4736-B1E2-91BDFEF34C96}.Debug|x64.Build.0 = Debug|Any CPU
		{05CB8AB9-F43A-4736-B1E2-91BDFEF34C96}.Debug|x86.ActiveCfg = Debug|Any CPU
		{05CB8AB9-F43A-4736-B1E2-91BDFEF34C96}.Debug|x86.Build.0 = Debug|Any CPU
		{05CB8AB9-F43A-4736-B1E2-91BDFEF34C96}.Release|Any CPU.ActiveCfg = Release|Any CPU
		{05CB8AB9-F43A-4736-B1E2-91BDFEF34C96}.Release|Any CPU.Build.0 = Release|Any CPU
		{05CB8AB9-F43A-4736-B1E2-91BDFEF34C96}.Release|x64.ActiveCfg = Release|Any CPU
		{05CB8AB9-F43A-4736-B1E2-91BDFEF34C96}.Release|x64.Build.0 = Release|Any CPU
		{05CB8AB9-F43A-4736-B1E2-91BDFEF34C96}.Release|x86.ActiveCfg = Release|Any CPU
		{05CB8AB9-F43A-4736-B1E2-91BDFEF34C96}.Release|x86.Build.0 = Release|Any CPU
		{4D4F1887-ABCC-45C6-99A3-AE0499B38825}.Debug|Any CPU.ActiveCfg = Debug|Any CPU
		{4D4F1887-ABCC-45C6-99A3-AE0499B38825}.Debug|Any CPU.Build.0 = Debug|Any CPU
		{4D4F1887-ABCC-45C6-99A3-AE0499B38825}.Debug|x64.ActiveCfg = Debug|Any CPU
		{4D4F1887-ABCC-45C6-99A3-AE0499B38825}.Debug|x64.Build.0 = Debug|Any CPU
		{4D4F1887-ABCC-45C6-99A3-AE0499B38825}.Debug|x86.ActiveCfg = Debug|Any CPU
		{4D4F1887-ABCC-45C6-99A3-AE0499B38825}.Debug|x86.Build.0 = Debug|Any CPU
		{4D4F1887-ABCC-45C6-99A3-AE0499B38825}.Release|Any CPU.ActiveCfg = Release|Any CPU
		{4D4F1887-ABCC-45C6-99A3-AE0499B38825}.Release|Any CPU.Build.0 = Release|Any CPU
		{4D4F1887-ABCC-45C6-99A3-AE0499B38825}.Release|x64.ActiveCfg = Release|Any CPU
		{4D4F1887-ABCC-45C6-99A3-AE0499B38825}.Release|x64.Build.0 = Release|Any CPU
		{4D4F1887-ABCC-45C6-99A3-AE0499B38825}.Release|x86.ActiveCfg = Release|Any CPU
		{4D4F1887-ABCC-45C6-99A3-AE0499B38825}.Release|x86.Build.0 = Release|Any CPU
		{B8B985BB-135F-4C0A-AB64-BF6BD9A68595}.Debug|Any CPU.ActiveCfg = Debug|Any CPU
		{B8B985BB-135F-4C0A-AB64-BF6BD9A68595}.Debug|Any CPU.Build.0 = Debug|Any CPU
		{B8B985BB-135F-4C0A-AB64-BF6BD9A68595}.Debug|x64.ActiveCfg = Debug|Any CPU
		{B8B985BB-135F-4C0A-AB64-BF6BD9A68595}.Debug|x64.Build.0 = Debug|Any CPU
		{B8B985BB-135F-4C0A-AB64-BF6BD9A68595}.Debug|x86.ActiveCfg = Debug|Any CPU
		{B8B985BB-135F-4C0A-AB64-BF6BD9A68595}.Debug|x86.Build.0 = Debug|Any CPU
		{B8B985BB-135F-4C0A-AB64-BF6BD9A68595}.Release|Any CPU.ActiveCfg = Release|Any CPU
		{B8B985BB-135F-4C0A-AB64-BF6BD9A68595}.Release|Any CPU.Build.0 = Release|Any CPU
		{B8B985BB-135F-4C0A-AB64-BF6BD9A68595}.Release|x64.ActiveCfg = Release|Any CPU
		{B8B985BB-135F-4C0A-AB64-BF6BD9A68595}.Release|x64.Build.0 = Release|Any CPU
		{B8B985BB-135F-4C0A-AB64-BF6BD9A68595}.Release|x86.ActiveCfg = Release|Any CPU
		{B8B985BB-135F-4C0A-AB64-BF6BD9A68595}.Release|x86.Build.0 = Release|Any CPU
		{C6D7879A-982A-4E6E-97F8-FE83C0B4D03D}.Debug|Any CPU.ActiveCfg = Debug|Any CPU
		{C6D7879A-982A-4E6E-97F8-FE83C0B4D03D}.Debug|Any CPU.Build.0 = Debug|Any CPU
		{C6D7879A-982A-4E6E-97F8-FE83C0B4D03D}.Debug|x64.ActiveCfg = Debug|Any CPU
		{C6D7879A-982A-4E6E-97F8-FE83C0B4D03D}.Debug|x64.Build.0 = Debug|Any CPU
		{C6D7879A-982A-4E6E-97F8-FE83C0B4D03D}.Debug|x86.ActiveCfg = Debug|Any CPU
		{C6D7879A-982A-4E6E-97F8-FE83C0B4D03D}.Debug|x86.Build.0 = Debug|Any CPU
		{C6D7879A-982A-4E6E-97F8-FE83C0B4D03D}.Release|Any CPU.ActiveCfg = Release|Any CPU
		{C6D7879A-982A-4E6E-97F8-FE83C0B4D03D}.Release|Any CPU.Build.0 = Release|Any CPU
		{C6D7879A-982A-4E6E-97F8-FE83C0B4D03D}.Release|x64.ActiveCfg = Release|Any CPU
		{C6D7879A-982A-4E6E-97F8-FE83C0B4D03D}.Release|x64.Build.0 = Release|Any CPU
		{C6D7879A-982A-4E6E-97F8-FE83C0B4D03D}.Release|x86.ActiveCfg = Release|Any CPU
		{C6D7879A-982A-4E6E-97F8-FE83C0B4D03D}.Release|x86.Build.0 = Release|Any CPU
	EndGlobalSection
	GlobalSection(NestedProjects) = preSolution
		{6EF4751B-8487-4B4B-B3A0-5A96421813E2} = {C5AABDAF-781E-4077-B5B1-1A01A1CF222A}
		{FAA24DF4-688E-4C8F-BEE5-628DA95D181E} = {FB0BCD88-E28C-4E6A-A47C-557C476AB2A1}
		{8256AC28-D72A-4532-B9A4-D33DADCC8E40} = {1BD1756D-84BD-42F7-BF7E-A5FFBC1E59D9}
		{CBF19349-E3B7-4ED1-BDE2-D2F717F5B5A0} = {1BD1756D-84BD-42F7-BF7E-A5FFBC1E59D9}
		{C27CDDA4-9F9D-4981-96E3-CCB2532D9D71} = {1BD1756D-84BD-42F7-BF7E-A5FFBC1E59D9}
		{11AC7E64-0C70-4980-88EA-119EAF72AE29} = {1BD1756D-84BD-42F7-BF7E-A5FFBC1E59D9}
		{05CB8AB9-F43A-4736-B1E2-91BDFEF34C96} = {C5AABDAF-781E-4077-B5B1-1A01A1CF222A}
		{4D4F1887-ABCC-45C6-99A3-AE0499B38825} = {FB0BCD88-E28C-4E6A-A47C-557C476AB2A1}
		{B8B985BB-135F-4C0A-AB64-BF6BD9A68595} = {C5AABDAF-781E-4077-B5B1-1A01A1CF222A}
		{C6D7879A-982A-4E6E-97F8-FE83C0B4D03D} = {FB0BCD88-E28C-4E6A-A47C-557C476AB2A1}
	EndGlobalSection
EndGlobal
